
Microsoft Visual Studio Solution File, Format Version 12.00
# Visual Studio Version 17
VisualStudioVersion = 17.5.33414.496
MinimumVisualStudioVersion = 10.0.40219.1
Project("{9A19103F-16F7-4668-BE54-9A1E7A4F7556}") = "NETGraphQL", "NETGraphQL.csproj", "{BB55F7DA-1AE3-4952-9082-BD349DBEA8F6}"
EndProject
Global
	GlobalSection(SolutionConfigurationPlatforms) = preSolution
		Debug|Any CPU = Debug|Any CPU
		Release|Any CPU = Release|Any CPU
	EndGlobalSection
	GlobalSection(ProjectConfigurationPlatforms) = postSolution
		{BB55F7DA-1AE3-4952-9082-BD349DBEA8F6}.Debug|Any CPU.ActiveCfg = Debug|Any CPU
		{BB55F7DA-1AE3-4952-9082-BD349DBEA8F6}.Debug|Any CPU.Build.0 = Debug|Any CPU
		{BB55F7DA-1AE3-4952-9082-BD349DBEA8F6}.Release|Any CPU.ActiveCfg = Release|Any CPU
		{BB55F7DA-1AE3-4952-9082-BD349DBEA8F6}.Release|Any CPU.Build.0 = Release|Any CPU
	EndGlobalSection
	GlobalSection(SolutionProperties) = preSolution
		HideSolutionNode = FALSE
	EndGlobalSection
	GlobalSection(ExtensibilityGlobals) = postSolution
		SolutionGuid = {2A7B8F5B-0BCF-49ED-B017-9B861DBC72A9}
	EndGlobalSection
EndGlobal
